
Microsoft Visual Studio Solution File, Format Version 12.00
# Visual Studio Version 17
VisualStudioVersion = 17.14.36327.8 d17.14
MinimumVisualStudioVersion = 10.0.40219.1
Project("{8BC9CEB8-8B4A-11D0-8D11-00A0C91BC942}") = "JsonClient_forTest'", "JsonClient_forTest'.vcxproj", "{27693DBD-3AF5-4425-B1A7-F66C12157BC2}"
EndProject
Global
	GlobalSection(SolutionConfigurationPlatforms) = preSolution
		Debug|x64 = Debug|x64
		Debug|x86 = Debug|x86
		Release|x64 = Release|x64
		Release|x86 = Release|x86
	EndGlobalSection
	GlobalSection(ProjectConfigurationPlatforms) = postSolution
		{27693DBD-3AF5-4425-B1A7-F66C12157BC2}.Debug|x64.ActiveCfg = Debug|x64
		{27693DBD-3AF5-4425-B1A7-F66C12157BC2}.Debug|x64.Build.0 = Debug|x64
		{27693DBD-3AF5-4425-B1A7-F66C12157BC2}.Debug|x86.ActiveCfg = Debug|Win32
		{27693DBD-3AF5-4425-B1A7-F66C12157BC2}.Debug|x86.Build.0 = Debug|Win32
		{27693DBD-3AF5-4425-B1A7-F66C12157BC2}.Release|x64.ActiveCfg = Release|x64
		{27693DBD-3AF5-4425-B1A7-F66C12157BC2}.Release|x64.Build.0 = Release|x64
		{27693DBD-3AF5-4425-B1A7-F66C12157BC2}.Release|x86.ActiveCfg = Release|Win32
		{27693DBD-3AF5-4425-B1A7-F66C12157BC2}.Release|x86.Build.0 = Release|Win32
	EndGlobalSection
	GlobalSection(SolutionProperties) = preSolution
		HideSolutionNode = FALSE
	EndGlobalSection
	GlobalSection(ExtensibilityGlobals) = postSolution
		SolutionGuid = {CCA2B980-6010-4CFD-8FE8-EA56B9199E3A}
	EndGlobalSection
EndGlobal
